
Microsoft Visual Studio Solution File, Format Version 12.00
# Visual Studio Version 16
VisualStudioVersion = 16.0.30611.23
MinimumVisualStudioVersion = 10.0.40219.1
Project("{8BC9CEB8-8B4A-11D0-8D11-00A0C91BC942}") = "PM", "PM\PM.vcxproj", "{0D690FA9-EFAA-4EA9-BD33-5159B6F2EAD6}"
EndProject
Global
	GlobalSection(SolutionConfigurationPlatforms) = preSolution
		Debug|x64 = Debug|x64
		Debug|x86 = Debug|x86
		Release|x64 = Release|x64
		Release|x86 = Release|x86
	EndGlobalSection
	GlobalSection(ProjectConfigurationPlatforms) = postSolution
		{0D690FA9-EFAA-4EA9-BD33-5159B6F2EAD6}.Debug|x64.ActiveCfg = Debug|x64
		{0D690FA9-EFAA-4EA9-BD33-5159B6F2EAD6}.Debug|x64.Build.0 = Debug|x64
		{0D690FA9-EFAA-4EA9-BD33-5159B6F2EAD6}.Debug|x86.ActiveCfg = Debug|Win32
		{0D690FA9-EFAA-4EA9-BD33-5159B6F2EAD6}.Debug|x86.Build.0 = Debug|Win32
		{0D690FA9-EFAA-4EA9-BD33-5159B6F2EAD6}.Release|x64.ActiveCfg = Release|x64
		{0D690FA9-EFAA-4EA9-BD33-5159B6F2EAD6}.Release|x64.Build.0 = Release|x64
		{0D690FA9-EFAA-4EA9-BD33-5159B6F2EAD6}.Release|x86.ActiveCfg = Release|Win32
		{0D690FA9-EFAA-4EA9-BD33-5159B6F2EAD6}.Release|x86.Build.0 = Release|Win32
	EndGlobalSection
	GlobalSection(SolutionProperties) = preSolution
		HideSolutionNode = FALSE
	EndGlobalSection
	GlobalSection(ExtensibilityGlobals) = postSolution
		SolutionGuid = {3F460F01-D839-4B09-BA7B-97A1CDE64F1D}
	EndGlobalSection
EndGlobal
